# This file is autogenerated, do not edit; changes may be undone by the next 'dep ensure'.


[[projects]]
  name = "github.com/DATA-DOG/go-sqlmock"
  packages = ["."]
  revision = "3f9954f6f6697845b082ca57995849ddf614f450"
  version = "v1.3.3"

[[projects]]
  name = "github.com/valyala/fastjson"
  packages = [
    ".",
    "fastfloat"
  ]
  revision = "73ca3ce4bcd1cb08f60e48df25675b80c6a4e51e"
  version = "v1.4.1"

[solve-meta]
  analyzer-name = "dep"
  analyzer-version = 1
  inputs-digest = "7f49d38955a1e8307743dcbcb5ace51b53528643ace116471a78ab42fd9d6b75"
  solver-name = "gps-cdcl"
  solver-version = 1
